// !$*UTF8*$!
{
	archiveVersion = 1;
	classes = {
	};
	objectVersion = 46;
	objects = {

/* Begin PBXBuildFile section */
		2D03CD0F63F9A46E33D039A8 /* Pods_CodeDoesGood_iOSTemplateTests.framework in Frameworks */ = {isa = PBXBuildFile; fileRef = 4888DA3E286C740BDD9D8E2D /* Pods_CodeDoesGood_iOSTemplateTests.framework */; };
		71E020D6CCF65438ECE2B843 /* Pods_CodeDoesGood_iOSTemplateUITests.framework in Frameworks */ = {isa = PBXBuildFile; fileRef = A8DC5C67ABD1A45A3E081B9F /* Pods_CodeDoesGood_iOSTemplateUITests.framework */; };
		9C791DCB1EB23E2900E13488 /* LocalizedStrings.swift in Sources */ = {isa = PBXBuildFile; fileRef = 9C791DCA1EB23E2900E13488 /* LocalizedStrings.swift */; };
		9C791DCC1EB23E2900E13488 /* LocalizedStrings.swift in Sources */ = {isa = PBXBuildFile; fileRef = 9C791DCA1EB23E2900E13488 /* LocalizedStrings.swift */; };
		9C791DCD1EB23E2900E13488 /* LocalizedStrings.swift in Sources */ = {isa = PBXBuildFile; fileRef = 9C791DCA1EB23E2900E13488 /* LocalizedStrings.swift */; };
		9C791DD01EB2482C00E13488 /* Localizable.strings in Resources */ = {isa = PBXBuildFile; fileRef = 9C791DCE1EB2482C00E13488 /* Localizable.strings */; };
		9C791DD11EB2482C00E13488 /* Localizable.strings in Resources */ = {isa = PBXBuildFile; fileRef = 9C791DCE1EB2482C00E13488 /* Localizable.strings */; };
		9C791DD21EB2482C00E13488 /* Localizable.strings in Resources */ = {isa = PBXBuildFile; fileRef = 9C791DCE1EB2482C00E13488 /* Localizable.strings */; };
		A77CA1B0A2A65EE5EF4517F1 /* Pods_CodeDoesGood_iOSTemplate.framework in Frameworks */ = {isa = PBXBuildFile; fileRef = 6C8FE1F6DDCCC4272D8EAB47 /* Pods_CodeDoesGood_iOSTemplate.framework */; };
		C612A1E11E9F197100A7A4BE /* AppDelegate.swift in Sources */ = {isa = PBXBuildFile; fileRef = C612A1E01E9F197100A7A4BE /* AppDelegate.swift */; };
		C612A1E31E9F197100A7A4BE /* ViewController.swift in Sources */ = {isa = PBXBuildFile; fileRef = C612A1E21E9F197100A7A4BE /* ViewController.swift */; };
		C612A1E61E9F197100A7A4BE /* Main.storyboard in Resources */ = {isa = PBXBuildFile; fileRef = C612A1E41E9F197100A7A4BE /* Main.storyboard */; };
		C612A1E81E9F197100A7A4BE /* Assets.xcassets in Resources */ = {isa = PBXBuildFile; fileRef = C612A1E71E9F197100A7A4BE /* Assets.xcassets */; };
		C612A1EB1E9F197100A7A4BE /* LaunchScreen.storyboard in Resources */ = {isa = PBXBuildFile; fileRef = C612A1E91E9F197100A7A4BE /* LaunchScreen.storyboard */; };
		C612A1F61E9F197100A7A4BE /* CodeDoesGood_iOSTemplateTests.swift in Sources */ = {isa = PBXBuildFile; fileRef = C612A1F51E9F197100A7A4BE /* CodeDoesGood_iOSTemplateTests.swift */; };
		C612A2011E9F197100A7A4BE /* CodeDoesGood_iOSTemplateUITests.swift in Sources */ = {isa = PBXBuildFile; fileRef = C612A2001E9F197100A7A4BE /* CodeDoesGood_iOSTemplateUITests.swift */; };
		C612A20F1E9F19B000A7A4BE /* BaseViewController.swift in Sources */ = {isa = PBXBuildFile; fileRef = C612A20E1E9F19B000A7A4BE /* BaseViewController.swift */; };
		C634A4CA1EB184EA00A1EB51 /* Constants.swift in Sources */ = {isa = PBXBuildFile; fileRef = C634A4C91EB184EA00A1EB51 /* Constants.swift */; };
		C676B65F1EB18BD1009386E7 /* CodeDoesGoodiOS+UIAlert.swift in Sources */ = {isa = PBXBuildFile; fileRef = C676B65E1EB18BD1009386E7 /* CodeDoesGoodiOS+UIAlert.swift */; };
/* End PBXBuildFile section */

/* Begin PBXContainerItemProxy section */
		C612A1F21E9F197100A7A4BE /* PBXContainerItemProxy */ = {
			isa = PBXContainerItemProxy;
			containerPortal = C612A1D51E9F197100A7A4BE /* Project object */;
			proxyType = 1;
			remoteGlobalIDString = C612A1DC1E9F197100A7A4BE;
			remoteInfo = "CodeDoesGood-iOSTemplate";
		};
		C612A1FD1E9F197100A7A4BE /* PBXContainerItemProxy */ = {
			isa = PBXContainerItemProxy;
			containerPortal = C612A1D51E9F197100A7A4BE /* Project object */;
			proxyType = 1;
			remoteGlobalIDString = C612A1DC1E9F197100A7A4BE;
			remoteInfo = "CodeDoesGood-iOSTemplate";
		};
/* End PBXContainerItemProxy section */

/* Begin PBXFileReference section */
		26A7BBCD4A29145EA9CEA1B7 /* Pods-CodeDoesGood-iOSTemplateUITests.debug.xcconfig */ = {isa = PBXFileReference; includeInIndex = 1; lastKnownFileType = text.xcconfig; name = "Pods-CodeDoesGood-iOSTemplateUITests.debug.xcconfig"; path = "Pods/Target Support Files/Pods-CodeDoesGood-iOSTemplateUITests/Pods-CodeDoesGood-iOSTemplateUITests.debug.xcconfig"; sourceTree = "<group>"; };
		4212125CCEDABD5C9428C6BC /* Pods-CodeDoesGood-iOSTemplate.debug.xcconfig */ = {isa = PBXFileReference; includeInIndex = 1; lastKnownFileType = text.xcconfig; name = "Pods-CodeDoesGood-iOSTemplate.debug.xcconfig"; path = "Pods/Target Support Files/Pods-CodeDoesGood-iOSTemplate/Pods-CodeDoesGood-iOSTemplate.debug.xcconfig"; sourceTree = "<group>"; };
		4888DA3E286C740BDD9D8E2D /* Pods_CodeDoesGood_iOSTemplateTests.framework */ = {isa = PBXFileReference; explicitFileType = wrapper.framework; includeInIndex = 0; path = Pods_CodeDoesGood_iOSTemplateTests.framework; sourceTree = BUILT_PRODUCTS_DIR; };
		6C8FE1F6DDCCC4272D8EAB47 /* Pods_CodeDoesGood_iOSTemplate.framework */ = {isa = PBXFileReference; explicitFileType = wrapper.framework; includeInIndex = 0; path = Pods_CodeDoesGood_iOSTemplate.framework; sourceTree = BUILT_PRODUCTS_DIR; };
		900C7E561B11E001E565834E /* Pods-CodeDoesGood-iOSTemplate.release.xcconfig */ = {isa = PBXFileReference; includeInIndex = 1; lastKnownFileType = text.xcconfig; name = "Pods-CodeDoesGood-iOSTemplate.release.xcconfig"; path = "Pods/Target Support Files/Pods-CodeDoesGood-iOSTemplate/Pods-CodeDoesGood-iOSTemplate.release.xcconfig"; sourceTree = "<group>"; };
		9C791DCA1EB23E2900E13488 /* LocalizedStrings.swift */ = {isa = PBXFileReference; fileEncoding = 4; lastKnownFileType = sourcecode.swift; path = LocalizedStrings.swift; sourceTree = "<group>"; };
		9C791DCF1EB2482C00E13488 /* Base */ = {isa = PBXFileReference; lastKnownFileType = text.plist.strings; name = Base; path = Base.lproj/Localizable.strings; sourceTree = "<group>"; };
		A8DC5C67ABD1A45A3E081B9F /* Pods_CodeDoesGood_iOSTemplateUITests.framework */ = {isa = PBXFileReference; explicitFileType = wrapper.framework; includeInIndex = 0; path = Pods_CodeDoesGood_iOSTemplateUITests.framework; sourceTree = BUILT_PRODUCTS_DIR; };
		B3EF892D0C1C43ECB1FD9340 /* Pods-CodeDoesGood-iOSTemplateUITests.release.xcconfig */ = {isa = PBXFileReference; includeInIndex = 1; lastKnownFileType = text.xcconfig; name = "Pods-CodeDoesGood-iOSTemplateUITests.release.xcconfig"; path = "Pods/Target Support Files/Pods-CodeDoesGood-iOSTemplateUITests/Pods-CodeDoesGood-iOSTemplateUITests.release.xcconfig"; sourceTree = "<group>"; };
		C612A1DD1E9F197100A7A4BE /* CodeDoesGood-iOSTemplate.app */ = {isa = PBXFileReference; explicitFileType = wrapper.application; includeInIndex = 0; path = "CodeDoesGood-iOSTemplate.app"; sourceTree = BUILT_PRODUCTS_DIR; };
		C612A1E01E9F197100A7A4BE /* AppDelegate.swift */ = {isa = PBXFileReference; lastKnownFileType = sourcecode.swift; path = AppDelegate.swift; sourceTree = "<group>"; };
		C612A1E21E9F197100A7A4BE /* ViewController.swift */ = {isa = PBXFileReference; lastKnownFileType = sourcecode.swift; path = ViewController.swift; sourceTree = "<group>"; };
		C612A1E51E9F197100A7A4BE /* Base */ = {isa = PBXFileReference; lastKnownFileType = file.storyboard; name = Base; path = Base.lproj/Main.storyboard; sourceTree = "<group>"; };
		C612A1E71E9F197100A7A4BE /* Assets.xcassets */ = {isa = PBXFileReference; lastKnownFileType = folder.assetcatalog; path = Assets.xcassets; sourceTree = "<group>"; };
		C612A1EA1E9F197100A7A4BE /* Base */ = {isa = PBXFileReference; lastKnownFileType = file.storyboard; name = Base; path = Base.lproj/LaunchScreen.storyboard; sourceTree = "<group>"; };
		C612A1EC1E9F197100A7A4BE /* Info.plist */ = {isa = PBXFileReference; lastKnownFileType = text.plist.xml; path = Info.plist; sourceTree = "<group>"; };
		C612A1F11E9F197100A7A4BE /* CodeDoesGood-iOSTemplateTests.xctest */ = {isa = PBXFileReference; explicitFileType = wrapper.cfbundle; includeInIndex = 0; path = "CodeDoesGood-iOSTemplateTests.xctest"; sourceTree = BUILT_PRODUCTS_DIR; };
		C612A1F51E9F197100A7A4BE /* CodeDoesGood_iOSTemplateTests.swift */ = {isa = PBXFileReference; lastKnownFileType = sourcecode.swift; path = CodeDoesGood_iOSTemplateTests.swift; sourceTree = "<group>"; };
		C612A1F71E9F197100A7A4BE /* Info.plist */ = {isa = PBXFileReference; lastKnownFileType = text.plist.xml; path = Info.plist; sourceTree = "<group>"; };
		C612A1FC1E9F197100A7A4BE /* CodeDoesGood-iOSTemplateUITests.xctest */ = {isa = PBXFileReference; explicitFileType = wrapper.cfbundle; includeInIndex = 0; path = "CodeDoesGood-iOSTemplateUITests.xctest"; sourceTree = BUILT_PRODUCTS_DIR; };
		C612A2001E9F197100A7A4BE /* CodeDoesGood_iOSTemplateUITests.swift */ = {isa = PBXFileReference; lastKnownFileType = sourcecode.swift; path = CodeDoesGood_iOSTemplateUITests.swift; sourceTree = "<group>"; };
		C612A2021E9F197100A7A4BE /* Info.plist */ = {isa = PBXFileReference; lastKnownFileType = text.plist.xml; path = Info.plist; sourceTree = "<group>"; };
		C612A20E1E9F19B000A7A4BE /* BaseViewController.swift */ = {isa = PBXFileReference; fileEncoding = 4; lastKnownFileType = sourcecode.swift; path = BaseViewController.swift; sourceTree = "<group>"; };
		C634A4C91EB184EA00A1EB51 /* Constants.swift */ = {isa = PBXFileReference; fileEncoding = 4; lastKnownFileType = sourcecode.swift; path = Constants.swift; sourceTree = "<group>"; };
		C676B65E1EB18BD1009386E7 /* CodeDoesGoodiOS+UIAlert.swift */ = {isa = PBXFileReference; fileEncoding = 4; lastKnownFileType = sourcecode.swift; path = "CodeDoesGoodiOS+UIAlert.swift"; sourceTree = "<group>"; };
		C6FF85D5185F260B0F79A904 /* Pods-CodeDoesGood-iOSTemplateTests.debug.xcconfig */ = {isa = PBXFileReference; includeInIndex = 1; lastKnownFileType = text.xcconfig; name = "Pods-CodeDoesGood-iOSTemplateTests.debug.xcconfig"; path = "Pods/Target Support Files/Pods-CodeDoesGood-iOSTemplateTests/Pods-CodeDoesGood-iOSTemplateTests.debug.xcconfig"; sourceTree = "<group>"; };
		FB87D7317A86FE822D7A4088 /* Pods-CodeDoesGood-iOSTemplateTests.release.xcconfig */ = {isa = PBXFileReference; includeInIndex = 1; lastKnownFileType = text.xcconfig; name = "Pods-CodeDoesGood-iOSTemplateTests.release.xcconfig"; path = "Pods/Target Support Files/Pods-CodeDoesGood-iOSTemplateTests/Pods-CodeDoesGood-iOSTemplateTests.release.xcconfig"; sourceTree = "<group>"; };
/* End PBXFileReference section */

/* Begin PBXFrameworksBuildPhase section */
		C612A1DA1E9F197100A7A4BE /* Frameworks */ = {
			isa = PBXFrameworksBuildPhase;
			buildActionMask = 2147483647;
			files = (
				A77CA1B0A2A65EE5EF4517F1 /* Pods_CodeDoesGood_iOSTemplate.framework in Frameworks */,
			);
			runOnlyForDeploymentPostprocessing = 0;
		};
		C612A1EE1E9F197100A7A4BE /* Frameworks */ = {
			isa = PBXFrameworksBuildPhase;
			buildActionMask = 2147483647;
			files = (
				2D03CD0F63F9A46E33D039A8 /* Pods_CodeDoesGood_iOSTemplateTests.framework in Frameworks */,
			);
			runOnlyForDeploymentPostprocessing = 0;
		};
		C612A1F91E9F197100A7A4BE /* Frameworks */ = {
			isa = PBXFrameworksBuildPhase;
			buildActionMask = 2147483647;
			files = (
				71E020D6CCF65438ECE2B843 /* Pods_CodeDoesGood_iOSTemplateUITests.framework in Frameworks */,
			);
			runOnlyForDeploymentPostprocessing = 0;
		};
/* End PBXFrameworksBuildPhase section */

/* Begin PBXGroup section */
		8A0DC32659B6F011B572DAD4 /* Frameworks */ = {
			isa = PBXGroup;
			children = (
				6C8FE1F6DDCCC4272D8EAB47 /* Pods_CodeDoesGood_iOSTemplate.framework */,
				4888DA3E286C740BDD9D8E2D /* Pods_CodeDoesGood_iOSTemplateTests.framework */,
				A8DC5C67ABD1A45A3E081B9F /* Pods_CodeDoesGood_iOSTemplateUITests.framework */,
			);
			name = Frameworks;
			sourceTree = "<group>";
		};
		C612A1D41E9F197100A7A4BE = {
			isa = PBXGroup;
			children = (
				C612A1DF1E9F197100A7A4BE /* CodeDoesGood-iOSTemplate */,
				C612A1F41E9F197100A7A4BE /* CodeDoesGood-iOSTemplateTests */,
				C612A1FF1E9F197100A7A4BE /* CodeDoesGood-iOSTemplateUITests */,
				C612A1DE1E9F197100A7A4BE /* Products */,
				F09872F04C88882C6BB0E928 /* Pods */,
				8A0DC32659B6F011B572DAD4 /* Frameworks */,
			);
			sourceTree = "<group>";
		};
		C612A1DE1E9F197100A7A4BE /* Products */ = {
			isa = PBXGroup;
			children = (
				C612A1DD1E9F197100A7A4BE /* CodeDoesGood-iOSTemplate.app */,
				C612A1F11E9F197100A7A4BE /* CodeDoesGood-iOSTemplateTests.xctest */,
				C612A1FC1E9F197100A7A4BE /* CodeDoesGood-iOSTemplateUITests.xctest */,
			);
			name = Products;
			sourceTree = "<group>";
		};
		C612A1DF1E9F197100A7A4BE /* CodeDoesGood-iOSTemplate */ = {
			isa = PBXGroup;
			children = (
				C612A1E01E9F197100A7A4BE /* AppDelegate.swift */,
				C612A1E21E9F197100A7A4BE /* ViewController.swift */,
				C61A8A211EB18E870027801F /* BaseTemplateFiles */,
				C612A1E41E9F197100A7A4BE /* Main.storyboard */,
				C612A1E71E9F197100A7A4BE /* Assets.xcassets */,
				C612A1E91E9F197100A7A4BE /* LaunchScreen.storyboard */,
				9C791DCE1EB2482C00E13488 /* Localizable.strings */,
				C612A1EC1E9F197100A7A4BE /* Info.plist */,
			);
			path = "CodeDoesGood-iOSTemplate";
			sourceTree = "<group>";
		};
		C612A1F41E9F197100A7A4BE /* CodeDoesGood-iOSTemplateTests */ = {
			isa = PBXGroup;
			children = (
				C612A1F51E9F197100A7A4BE /* CodeDoesGood_iOSTemplateTests.swift */,
				C612A1F71E9F197100A7A4BE /* Info.plist */,
			);
			path = "CodeDoesGood-iOSTemplateTests";
			sourceTree = "<group>";
		};
		C612A1FF1E9F197100A7A4BE /* CodeDoesGood-iOSTemplateUITests */ = {
			isa = PBXGroup;
			children = (
				C612A2001E9F197100A7A4BE /* CodeDoesGood_iOSTemplateUITests.swift */,
				C612A2021E9F197100A7A4BE /* Info.plist */,
			);
			path = "CodeDoesGood-iOSTemplateUITests";
			sourceTree = "<group>";
		};
		C61A8A201EB18E6A0027801F /* Extensions */ = {
			isa = PBXGroup;
			children = (
				C676B65E1EB18BD1009386E7 /* CodeDoesGoodiOS+UIAlert.swift */,
			);
			name = Extensions;
			sourceTree = "<group>";
		};
		C61A8A211EB18E870027801F /* BaseTemplateFiles */ = {
			isa = PBXGroup;
			children = (
				C612A20E1E9F19B000A7A4BE /* BaseViewController.swift */,
				C634A4C91EB184EA00A1EB51 /* Constants.swift */,
				C61A8A201EB18E6A0027801F /* Extensions */,
				9C791DCA1EB23E2900E13488 /* LocalizedStrings.swift */,
			);
			name = BaseTemplateFiles;
			sourceTree = "<group>";
		};
		F09872F04C88882C6BB0E928 /* Pods */ = {
			isa = PBXGroup;
			children = (
				4212125CCEDABD5C9428C6BC /* Pods-CodeDoesGood-iOSTemplate.debug.xcconfig */,
				900C7E561B11E001E565834E /* Pods-CodeDoesGood-iOSTemplate.release.xcconfig */,
				C6FF85D5185F260B0F79A904 /* Pods-CodeDoesGood-iOSTemplateTests.debug.xcconfig */,
				FB87D7317A86FE822D7A4088 /* Pods-CodeDoesGood-iOSTemplateTests.release.xcconfig */,
				26A7BBCD4A29145EA9CEA1B7 /* Pods-CodeDoesGood-iOSTemplateUITests.debug.xcconfig */,
				B3EF892D0C1C43ECB1FD9340 /* Pods-CodeDoesGood-iOSTemplateUITests.release.xcconfig */,
			);
			name = Pods;
			sourceTree = "<group>";
		};
/* End PBXGroup section */

/* Begin PBXNativeTarget section */
		C612A1DC1E9F197100A7A4BE /* CodeDoesGood-iOSTemplate */ = {
			isa = PBXNativeTarget;
			buildConfigurationList = C612A2051E9F197100A7A4BE /* Build configuration list for PBXNativeTarget "CodeDoesGood-iOSTemplate" */;
			buildPhases = (
				62224D642D26D81583A583D5 /* [CP] Check Pods Manifest.lock */,
				C612A1D91E9F197100A7A4BE /* Sources */,
				C612A1DA1E9F197100A7A4BE /* Frameworks */,
				C612A1DB1E9F197100A7A4BE /* Resources */,
				53BD0AF13BE1B80FFF21690A /* [CP] Embed Pods Frameworks */,
				FEC92836479D3788CBE2178C /* [CP] Copy Pods Resources */,
				BEB440AE1EBEAFC600AE4FDC /* Run SwiftLint */,
			);
			buildRules = (
			);
			dependencies = (
			);
			name = "CodeDoesGood-iOSTemplate";
			productName = "CodeDoesGood-iOSTemplate";
			productReference = C612A1DD1E9F197100A7A4BE /* CodeDoesGood-iOSTemplate.app */;
			productType = "com.apple.product-type.application";
		};
		C612A1F01E9F197100A7A4BE /* CodeDoesGood-iOSTemplateTests */ = {
			isa = PBXNativeTarget;
			buildConfigurationList = C612A2081E9F197100A7A4BE /* Build configuration list for PBXNativeTarget "CodeDoesGood-iOSTemplateTests" */;
			buildPhases = (
				DFD39DC490E5DD13999DAAC0 /* [CP] Check Pods Manifest.lock */,
				C612A1ED1E9F197100A7A4BE /* Sources */,
				C612A1EE1E9F197100A7A4BE /* Frameworks */,
				C612A1EF1E9F197100A7A4BE /* Resources */,
				6081B7E716AAEF42BFD77814 /* [CP] Embed Pods Frameworks */,
				F8AFFD840CA54FDDE3664770 /* [CP] Copy Pods Resources */,
			);
			buildRules = (
			);
			dependencies = (
				C612A1F31E9F197100A7A4BE /* PBXTargetDependency */,
			);
			name = "CodeDoesGood-iOSTemplateTests";
			productName = "CodeDoesGood-iOSTemplateTests";
			productReference = C612A1F11E9F197100A7A4BE /* CodeDoesGood-iOSTemplateTests.xctest */;
			productType = "com.apple.product-type.bundle.unit-test";
		};
		C612A1FB1E9F197100A7A4BE /* CodeDoesGood-iOSTemplateUITests */ = {
			isa = PBXNativeTarget;
			buildConfigurationList = C612A20B1E9F197100A7A4BE /* Build configuration list for PBXNativeTarget "CodeDoesGood-iOSTemplateUITests" */;
			buildPhases = (
				3DEC52511AFC72FD5A76CDA6 /* [CP] Check Pods Manifest.lock */,
				C612A1F81E9F197100A7A4BE /* Sources */,
				C612A1F91E9F197100A7A4BE /* Frameworks */,
				C612A1FA1E9F197100A7A4BE /* Resources */,
				B44407824B1D8B0845CA46B9 /* [CP] Embed Pods Frameworks */,
				6501E5D7AC0F4059C8A30CD7 /* [CP] Copy Pods Resources */,
			);
			buildRules = (
			);
			dependencies = (
				C612A1FE1E9F197100A7A4BE /* PBXTargetDependency */,
			);
			name = "CodeDoesGood-iOSTemplateUITests";
			productName = "CodeDoesGood-iOSTemplateUITests";
			productReference = C612A1FC1E9F197100A7A4BE /* CodeDoesGood-iOSTemplateUITests.xctest */;
			productType = "com.apple.product-type.bundle.ui-testing";
		};
/* End PBXNativeTarget section */

/* Begin PBXProject section */
		C612A1D51E9F197100A7A4BE /* Project object */ = {
			isa = PBXProject;
			attributes = {
				LastSwiftUpdateCheck = 0830;
				LastUpgradeCheck = 0830;
				ORGANIZATIONNAME = "Code Does Good";
				TargetAttributes = {
					C612A1DC1E9F197100A7A4BE = {
						CreatedOnToolsVersion = 8.3.1;
						DevelopmentTeam = XYW89PFS48;
						ProvisioningStyle = Automatic;
					};
					C612A1F01E9F197100A7A4BE = {
						CreatedOnToolsVersion = 8.3.1;
						DevelopmentTeam = XYW89PFS48;
						ProvisioningStyle = Automatic;
						TestTargetID = C612A1DC1E9F197100A7A4BE;
					};
					C612A1FB1E9F197100A7A4BE = {
						CreatedOnToolsVersion = 8.3.1;
						DevelopmentTeam = XYW89PFS48;
						ProvisioningStyle = Automatic;
						TestTargetID = C612A1DC1E9F197100A7A4BE;
					};
				};
			};
			buildConfigurationList = C612A1D81E9F197100A7A4BE /* Build configuration list for PBXProject "CodeDoesGood-iOSTemplate" */;
			compatibilityVersion = "Xcode 3.2";
			developmentRegion = English;
			hasScannedForEncodings = 0;
			knownRegions = (
				en,
				Base,
			);
			mainGroup = C612A1D41E9F197100A7A4BE;
			productRefGroup = C612A1DE1E9F197100A7A4BE /* Products */;
			projectDirPath = "";
			projectRoot = "";
			targets = (
				C612A1DC1E9F197100A7A4BE /* CodeDoesGood-iOSTemplate */,
				C612A1F01E9F197100A7A4BE /* CodeDoesGood-iOSTemplateTests */,
				C612A1FB1E9F197100A7A4BE /* CodeDoesGood-iOSTemplateUITests */,
			);
		};
/* End PBXProject section */

/* Begin PBXResourcesBuildPhase section */
		C612A1DB1E9F197100A7A4BE /* Resources */ = {
			isa = PBXResourcesBuildPhase;
			buildActionMask = 2147483647;
			files = (
				C612A1EB1E9F197100A7A4BE /* LaunchScreen.storyboard in Resources */,
				9C791DD01EB2482C00E13488 /* Localizable.strings in Resources */,
				C612A1E81E9F197100A7A4BE /* Assets.xcassets in Resources */,
				C612A1E61E9F197100A7A4BE /* Main.storyboard in Resources */,
			);
			runOnlyForDeploymentPostprocessing = 0;
		};
		C612A1EF1E9F197100A7A4BE /* Resources */ = {
			isa = PBXResourcesBuildPhase;
			buildActionMask = 2147483647;
			files = (
				9C791DD11EB2482C00E13488 /* Localizable.strings in Resources */,
			);
			runOnlyForDeploymentPostprocessing = 0;
		};
		C612A1FA1E9F197100A7A4BE /* Resources */ = {
			isa = PBXResourcesBuildPhase;
			buildActionMask = 2147483647;
			files = (
				9C791DD21EB2482C00E13488 /* Localizable.strings in Resources */,
			);
			runOnlyForDeploymentPostprocessing = 0;
		};
/* End PBXResourcesBuildPhase section */

/* Begin PBXShellScriptBuildPhase section */
		3DEC52511AFC72FD5A76CDA6 /* [CP] Check Pods Manifest.lock */ = {
			isa = PBXShellScriptBuildPhase;
			buildActionMask = 2147483647;
			files = (
			);
			inputPaths = (
			);
			name = "[CP] Check Pods Manifest.lock";
			outputPaths = (
			);
			runOnlyForDeploymentPostprocessing = 0;
			shellPath = /bin/sh;
			shellScript = "diff \"${PODS_ROOT}/../Podfile.lock\" \"${PODS_ROOT}/Manifest.lock\" > /dev/null\nif [ $? != 0 ] ; then\n    # print error to STDERR\n    echo \"error: The sandbox is not in sync with the Podfile.lock. Run 'pod install' or update your CocoaPods installation.\" >&2\n    exit 1\nfi\n";
			showEnvVarsInLog = 0;
		};
		53BD0AF13BE1B80FFF21690A /* [CP] Embed Pods Frameworks */ = {
			isa = PBXShellScriptBuildPhase;
			buildActionMask = 2147483647;
			files = (
			);
			inputPaths = (
			);
			name = "[CP] Embed Pods Frameworks";
			outputPaths = (
			);
			runOnlyForDeploymentPostprocessing = 0;
			shellPath = /bin/sh;
			shellScript = "\"${SRCROOT}/Pods/Target Support Files/Pods-CodeDoesGood-iOSTemplate/Pods-CodeDoesGood-iOSTemplate-frameworks.sh\"\n";
			showEnvVarsInLog = 0;
		};
		6081B7E716AAEF42BFD77814 /* [CP] Embed Pods Frameworks */ = {
			isa = PBXShellScriptBuildPhase;
			buildActionMask = 2147483647;
			files = (
			);
			inputPaths = (
			);
			name = "[CP] Embed Pods Frameworks";
			outputPaths = (
			);
			runOnlyForDeploymentPostprocessing = 0;
			shellPath = /bin/sh;
			shellScript = "\"${SRCROOT}/Pods/Target Support Files/Pods-CodeDoesGood-iOSTemplateTests/Pods-CodeDoesGood-iOSTemplateTests-frameworks.sh\"\n";
			showEnvVarsInLog = 0;
		};
		62224D642D26D81583A583D5 /* [CP] Check Pods Manifest.lock */ = {
			isa = PBXShellScriptBuildPhase;
			buildActionMask = 2147483647;
			files = (
			);
			inputPaths = (
			);
			name = "[CP] Check Pods Manifest.lock";
			outputPaths = (
			);
			runOnlyForDeploymentPostprocessing = 0;
			shellPath = /bin/sh;
			shellScript = "diff \"${PODS_ROOT}/../Podfile.lock\" \"${PODS_ROOT}/Manifest.lock\" > /dev/null\nif [ $? != 0 ] ; then\n    # print error to STDERR\n    echo \"error: The sandbox is not in sync with the Podfile.lock. Run 'pod install' or update your CocoaPods installation.\" >&2\n    exit 1\nfi\n";
			showEnvVarsInLog = 0;
		};
		6501E5D7AC0F4059C8A30CD7 /* [CP] Copy Pods Resources */ = {
			isa = PBXShellScriptBuildPhase;
			buildActionMask = 2147483647;
			files = (
			);
			inputPaths = (
			);
			name = "[CP] Copy Pods Resources";
			outputPaths = (
			);
			runOnlyForDeploymentPostprocessing = 0;
			shellPath = /bin/sh;
			shellScript = "\"${SRCROOT}/Pods/Target Support Files/Pods-CodeDoesGood-iOSTemplateUITests/Pods-CodeDoesGood-iOSTemplateUITests-resources.sh\"\n";
			showEnvVarsInLog = 0;
		};
		B44407824B1D8B0845CA46B9 /* [CP] Embed Pods Frameworks */ = {
			isa = PBXShellScriptBuildPhase;
			buildActionMask = 2147483647;
			files = (
			);
			inputPaths = (
			);
			name = "[CP] Embed Pods Frameworks";
			outputPaths = (
			);
			runOnlyForDeploymentPostprocessing = 0;
			shellPath = /bin/sh;
			shellScript = "\"${SRCROOT}/Pods/Target Support Files/Pods-CodeDoesGood-iOSTemplateUITests/Pods-CodeDoesGood-iOSTemplateUITests-frameworks.sh\"\n";
			showEnvVarsInLog = 0;
		};
		BEB440AE1EBEAFC600AE4FDC /* Run SwiftLint */ = {
			isa = PBXShellScriptBuildPhase;
			buildActionMask = 2147483647;
			files = (
			);
			inputPaths = (
			);
			name = "Run SwiftLint";
			outputPaths = (
			);
			runOnlyForDeploymentPostprocessing = 0;
			shellPath = /bin/sh;
			shellScript = "if which swiftlint >/dev/null; then\nswiftlint\nelse\necho \"warning: SwiftLint not installed, download from https://github.com/realm/SwiftLint\"\nfi";
		};
		DFD39DC490E5DD13999DAAC0 /* [CP] Check Pods Manifest.lock */ = {
			isa = PBXShellScriptBuildPhase;
			buildActionMask = 2147483647;
			files = (
			);
			inputPaths = (
			);
			name = "[CP] Check Pods Manifest.lock";
			outputPaths = (
			);
			runOnlyForDeploymentPostprocessing = 0;
			shellPath = /bin/sh;
			shellScript = "diff \"${PODS_ROOT}/../Podfile.lock\" \"${PODS_ROOT}/Manifest.lock\" > /dev/null\nif [ $? != 0 ] ; then\n    # print error to STDERR\n    echo \"error: The sandbox is not in sync with the Podfile.lock. Run 'pod install' or update your CocoaPods installation.\" >&2\n    exit 1\nfi\n";
			showEnvVarsInLog = 0;
		};
		F8AFFD840CA54FDDE3664770 /* [CP] Copy Pods Resources */ = {
			isa = PBXShellScriptBuildPhase;
			buildActionMask = 2147483647;
			files = (
			);
			inputPaths = (
			);
			name = "[CP] Copy Pods Resources";
			outputPaths = (
			);
			runOnlyForDeploymentPostprocessing = 0;
			shellPath = /bin/sh;
			shellScript = "\"${SRCROOT}/Pods/Target Support Files/Pods-CodeDoesGood-iOSTemplateTests/Pods-CodeDoesGood-iOSTemplateTests-resources.sh\"\n";
			showEnvVarsInLog = 0;
		};
		FEC92836479D3788CBE2178C /* [CP] Copy Pods Resources */ = {
			isa = PBXShellScriptBuildPhase;
			buildActionMask = 2147483647;
			files = (
			);
			inputPaths = (
			);
			name = "[CP] Copy Pods Resources";
			outputPaths = (
			);
			runOnlyForDeploymentPostprocessing = 0;
			shellPath = /bin/sh;
			shellScript = "\"${SRCROOT}/Pods/Target Support Files/Pods-CodeDoesGood-iOSTemplate/Pods-CodeDoesGood-iOSTemplate-resources.sh\"\n";
			showEnvVarsInLog = 0;
		};
/* End PBXShellScriptBuildPhase section */

/* Begin PBXSourcesBuildPhase section */
		C612A1D91E9F197100A7A4BE /* Sources */ = {
			isa = PBXSourcesBuildPhase;
			buildActionMask = 2147483647;
			files = (
				C634A4CA1EB184EA00A1EB51 /* Constants.swift in Sources */,
				C612A1E31E9F197100A7A4BE /* ViewController.swift in Sources */,
				C612A1E11E9F197100A7A4BE /* AppDelegate.swift in Sources */,
				C612A20F1E9F19B000A7A4BE /* BaseViewController.swift in Sources */,
				9C791DCB1EB23E2900E13488 /* LocalizedStrings.swift in Sources */,
				C676B65F1EB18BD1009386E7 /* CodeDoesGoodiOS+UIAlert.swift in Sources */,
			);
			runOnlyForDeploymentPostprocessing = 0;
		};
		C612A1ED1E9F197100A7A4BE /* Sources */ = {
			isa = PBXSourcesBuildPhase;
			buildActionMask = 2147483647;
			files = (
				9C791DCC1EB23E2900E13488 /* LocalizedStrings.swift in Sources */,
				C612A1F61E9F197100A7A4BE /* CodeDoesGood_iOSTemplateTests.swift in Sources */,
			);
			runOnlyForDeploymentPostprocessing = 0;
		};
		C612A1F81E9F197100A7A4BE /* Sources */ = {
			isa = PBXSourcesBuildPhase;
			buildActionMask = 2147483647;
			files = (
				9C791DCD1EB23E2900E13488 /* LocalizedStrings.swift in Sources */,
				C612A2011E9F197100A7A4BE /* CodeDoesGood_iOSTemplateUITests.swift in Sources */,
			);
			runOnlyForDeploymentPostprocessing = 0;
		};
/* End PBXSourcesBuildPhase section */

/* Begin PBXTargetDependency section */
		C612A1F31E9F197100A7A4BE /* PBXTargetDependency */ = {
			isa = PBXTargetDependency;
			target = C612A1DC1E9F197100A7A4BE /* CodeDoesGood-iOSTemplate */;
			targetProxy = C612A1F21E9F197100A7A4BE /* PBXContainerItemProxy */;
		};
		C612A1FE1E9F197100A7A4BE /* PBXTargetDependency */ = {
			isa = PBXTargetDependency;
			target = C612A1DC1E9F197100A7A4BE /* CodeDoesGood-iOSTemplate */;
			targetProxy = C612A1FD1E9F197100A7A4BE /* PBXContainerItemProxy */;
		};
/* End PBXTargetDependency section */

/* Begin PBXVariantGroup section */
		9C791DCE1EB2482C00E13488 /* Localizable.strings */ = {
			isa = PBXVariantGroup;
			children = (
				9C791DCF1EB2482C00E13488 /* Base */,
			);
			name = Localizable.strings;
			sourceTree = "<group>";
		};
		C612A1E41E9F197100A7A4BE /* Main.storyboard */ = {
			isa = PBXVariantGroup;
			children = (
				C612A1E51E9F197100A7A4BE /* Base */,
			);
			name = Main.storyboard;
			sourceTree = "<group>";
		};
		C612A1E91E9F197100A7A4BE /* LaunchScreen.storyboard */ = {
			isa = PBXVariantGroup;
			children = (
				C612A1EA1E9F197100A7A4BE /* Base */,
			);
			name = LaunchScreen.storyboard;
			sourceTree = "<group>";
		};
/* End PBXVariantGroup section */

/* Begin XCBuildConfiguration section */
		C612A2031E9F197100A7A4BE /* Debug */ = {
			isa = XCBuildConfiguration;
			buildSettings = {
				ALWAYS_SEARCH_USER_PATHS = NO;
				CLANG_ANALYZER_NONNULL = YES;
				CLANG_ANALYZER_NUMBER_OBJECT_CONVERSION = YES_AGGRESSIVE;
				CLANG_CXX_LANGUAGE_STANDARD = "gnu++0x";
				CLANG_CXX_LIBRARY = "libc++";
				CLANG_ENABLE_MODULES = YES;
				CLANG_ENABLE_OBJC_ARC = YES;
				CLANG_WARN_BOOL_CONVERSION = YES;
				CLANG_WARN_CONSTANT_CONVERSION = YES;
				CLANG_WARN_DIRECT_OBJC_ISA_USAGE = YES_ERROR;
				CLANG_WARN_DOCUMENTATION_COMMENTS = YES;
				CLANG_WARN_EMPTY_BODY = YES;
				CLANG_WARN_ENUM_CONVERSION = YES;
				CLANG_WARN_INFINITE_RECURSION = YES;
				CLANG_WARN_INT_CONVERSION = YES;
				CLANG_WARN_OBJC_ROOT_CLASS = YES_ERROR;
				CLANG_WARN_SUSPICIOUS_MOVE = YES;
				CLANG_WARN_UNREACHABLE_CODE = YES;
				CLANG_WARN__DUPLICATE_METHOD_MATCH = YES;
				"CODE_SIGN_IDENTITY[sdk=iphoneos*]" = "iPhone Developer";
				COPY_PHASE_STRIP = NO;
				DEBUG_INFORMATION_FORMAT = dwarf;
				ENABLE_STRICT_OBJC_MSGSEND = YES;
				ENABLE_TESTABILITY = YES;
				GCC_C_LANGUAGE_STANDARD = gnu99;
				GCC_DYNAMIC_NO_PIC = NO;
				GCC_NO_COMMON_BLOCKS = YES;
				GCC_OPTIMIZATION_LEVEL = 0;
				GCC_PREPROCESSOR_DEFINITIONS = (
					"DEBUG=1",
					"$(inherited)",
				);
				GCC_WARN_64_TO_32_BIT_CONVERSION = YES;
				GCC_WARN_ABOUT_RETURN_TYPE = YES_ERROR;
				GCC_WARN_UNDECLARED_SELECTOR = YES;
				GCC_WARN_UNINITIALIZED_AUTOS = YES_AGGRESSIVE;
				GCC_WARN_UNUSED_FUNCTION = YES;
				GCC_WARN_UNUSED_VARIABLE = YES;
				IPHONEOS_DEPLOYMENT_TARGET = 10.3;
				MTL_ENABLE_DEBUG_INFO = YES;
				ONLY_ACTIVE_ARCH = YES;
				SDKROOT = iphoneos;
				SWIFT_ACTIVE_COMPILATION_CONDITIONS = DEBUG;
				SWIFT_OPTIMIZATION_LEVEL = "-Onone";
				TARGETED_DEVICE_FAMILY = "1,2";
			};
			name = Debug;
		};
		C612A2041E9F197100A7A4BE /* Release */ = {
			isa = XCBuildConfiguration;
			buildSettings = {
				ALWAYS_SEARCH_USER_PATHS = NO;
				CLANG_ANALYZER_NONNULL = YES;
				CLANG_ANALYZER_NUMBER_OBJECT_CONVERSION = YES_AGGRESSIVE;
				CLANG_CXX_LANGUAGE_STANDARD = "gnu++0x";
				CLANG_CXX_LIBRARY = "libc++";
				CLANG_ENABLE_MODULES = YES;
				CLANG_ENABLE_OBJC_ARC = YES;
				CLANG_WARN_BOOL_CONVERSION = YES;
				CLANG_WARN_CONSTANT_CONVERSION = YES;
				CLANG_WARN_DIRECT_OBJC_ISA_USAGE = YES_ERROR;
				CLANG_WARN_DOCUMENTATION_COMMENTS = YES;
				CLANG_WARN_EMPTY_BODY = YES;
				CLANG_WARN_ENUM_CONVERSION = YES;
				CLANG_WARN_INFINITE_RECURSION = YES;
				CLANG_WARN_INT_CONVERSION = YES;
				CLANG_WARN_OBJC_ROOT_CLASS = YES_ERROR;
				CLANG_WARN_SUSPICIOUS_MOVE = YES;
				CLANG_WARN_UNREACHABLE_CODE = YES;
				CLANG_WARN__DUPLICATE_METHOD_MATCH = YES;
				"CODE_SIGN_IDENTITY[sdk=iphoneos*]" = "iPhone Developer";
				COPY_PHASE_STRIP = NO;
				DEBUG_INFORMATION_FORMAT = "dwarf-with-dsym";
				ENABLE_NS_ASSERTIONS = NO;
				ENABLE_STRICT_OBJC_MSGSEND = YES;
				GCC_C_LANGUAGE_STANDARD = gnu99;
				GCC_NO_COMMON_BLOCKS = YES;
				GCC_WARN_64_TO_32_BIT_CONVERSION = YES;
				GCC_WARN_ABOUT_RETURN_TYPE = YES_ERROR;
				GCC_WARN_UNDECLARED_SELECTOR = YES;
				GCC_WARN_UNINITIALIZED_AUTOS = YES_AGGRESSIVE;
				GCC_WARN_UNUSED_FUNCTION = YES;
				GCC_WARN_UNUSED_VARIABLE = YES;
				IPHONEOS_DEPLOYMENT_TARGET = 10.3;
				MTL_ENABLE_DEBUG_INFO = NO;
				SDKROOT = iphoneos;
				SWIFT_OPTIMIZATION_LEVEL = "-Owholemodule";
				TARGETED_DEVICE_FAMILY = "1,2";
				VALIDATE_PRODUCT = YES;
			};
			name = Release;
		};
		C612A2061E9F197100A7A4BE /* Debug */ = {
			isa = XCBuildConfiguration;
			baseConfigurationReference = 4212125CCEDABD5C9428C6BC /* Pods-CodeDoesGood-iOSTemplate.debug.xcconfig */;
			buildSettings = {
				ASSETCATALOG_COMPILER_APPICON_NAME = AppIcon;
				DEVELOPMENT_TEAM = XYW89PFS48;
				INFOPLIST_FILE = "CodeDoesGood-iOSTemplate/Info.plist";
				LD_RUNPATH_SEARCH_PATHS = "$(inherited) @executable_path/Frameworks";
				PRODUCT_BUNDLE_IDENTIFIER = "org.CodeDoesGood.CodeDoesGood-iOSTemplate";
				PRODUCT_NAME = "$(TARGET_NAME)";
				SWIFT_VERSION = 3.0;
			};
			name = Debug;
		};
		C612A2071E9F197100A7A4BE /* Release */ = {
			isa = XCBuildConfiguration;
			baseConfigurationReference = 900C7E561B11E001E565834E /* Pods-CodeDoesGood-iOSTemplate.release.xcconfig */;
			buildSettings = {
				ASSETCATALOG_COMPILER_APPICON_NAME = AppIcon;
				DEVELOPMENT_TEAM = XYW89PFS48;
				INFOPLIST_FILE = "CodeDoesGood-iOSTemplate/Info.plist";
				LD_RUNPATH_SEARCH_PATHS = "$(inherited) @executable_path/Frameworks";
				PRODUCT_BUNDLE_IDENTIFIER = "org.CodeDoesGood.CodeDoesGood-iOSTemplate";
				PRODUCT_NAME = "$(TARGET_NAME)";
				SWIFT_VERSION = 3.0;
			};
			name = Release;
		};
		C612A2091E9F197100A7A4BE /* Debug */ = {
			isa = XCBuildConfiguration;
			baseConfigurationReference = C6FF85D5185F260B0F79A904 /* Pods-CodeDoesGood-iOSTemplateTests.debug.xcconfig */;
			buildSettings = {
				ALWAYS_EMBED_SWIFT_STANDARD_LIBRARIES = YES;
				BUNDLE_LOADER = "$(TEST_HOST)";
				DEVELOPMENT_TEAM = XYW89PFS48;
				INFOPLIST_FILE = "CodeDoesGood-iOSTemplateTests/Info.plist";
				LD_RUNPATH_SEARCH_PATHS = "$(inherited) @executable_path/Frameworks @loader_path/Frameworks";
				PRODUCT_BUNDLE_IDENTIFIER = "org.CodeDoesGood.CodeDoesGood-iOSTemplateTests";
				PRODUCT_NAME = "$(TARGET_NAME)";
				SWIFT_VERSION = 3.0;
				TEST_HOST = "$(BUILT_PRODUCTS_DIR)/CodeDoesGood-iOSTemplate.app/CodeDoesGood-iOSTemplate";
			};
			name = Debug;
		};
		C612A20A1E9F197100A7A4BE /* Release */ = {
			isa = XCBuildConfiguration;
			baseConfigurationReference = FB87D7317A86FE822D7A4088 /* Pods-CodeDoesGood-iOSTemplateTests.release.xcconfig */;
			buildSettings = {
				ALWAYS_EMBED_SWIFT_STANDARD_LIBRARIES = YES;
				BUNDLE_LOADER = "$(TEST_HOST)";
				DEVELOPMENT_TEAM = XYW89PFS48;
				INFOPLIST_FILE = "CodeDoesGood-iOSTemplateTests/Info.plist";
				LD_RUNPATH_SEARCH_PATHS = "$(inherited) @executable_path/Frameworks @loader_path/Frameworks";
				PRODUCT_BUNDLE_IDENTIFIER = "org.CodeDoesGood.CodeDoesGood-iOSTemplateTests";
				PRODUCT_NAME = "$(TARGET_NAME)";
				SWIFT_VERSION = 3.0;
				TEST_HOST = "$(BUILT_PRODUCTS_DIR)/CodeDoesGood-iOSTemplate.app/CodeDoesGood-iOSTemplate";
			};
			name = Release;
		};
		C612A20C1E9F197100A7A4BE /* Debug */ = {
			isa = XCBuildConfiguration;
			baseConfigurationReference = 26A7BBCD4A29145EA9CEA1B7 /* Pods-CodeDoesGood-iOSTemplateUITests.debug.xcconfig */;
			buildSettings = {
				ALWAYS_EMBED_SWIFT_STANDARD_LIBRARIES = YES;
				DEVELOPMENT_TEAM = XYW89PFS48;
				INFOPLIST_FILE = "CodeDoesGood-iOSTemplateUITests/Info.plist";
				LD_RUNPATH_SEARCH_PATHS = "$(inherited) @executable_path/Frameworks @loader_path/Frameworks";
				PRODUCT_BUNDLE_IDENTIFIER = "org.CodeDoesGood.CodeDoesGood-iOSTemplateUITests";
				PRODUCT_NAME = "$(TARGET_NAME)";
				SWIFT_VERSION = 3.0;
				TEST_TARGET_NAME = "CodeDoesGood-iOSTemplate";
			};
			name = Debug;
		};
		C612A20D1E9F197100A7A4BE /* Release */ = {
			isa = XCBuildConfiguration;
			baseConfigurationReference = B3EF892D0C1C43ECB1FD9340 /* Pods-CodeDoesGood-iOSTemplateUITests.release.xcconfig */;
			buildSettings = {
				ALWAYS_EMBED_SWIFT_STANDARD_LIBRARIES = YES;
				DEVELOPMENT_TEAM = XYW89PFS48;
				INFOPLIST_FILE = "CodeDoesGood-iOSTemplateUITests/Info.plist";
				LD_RUNPATH_SEARCH_PATHS = "$(inherited) @executable_path/Frameworks @loader_path/Frameworks";
				PRODUCT_BUNDLE_IDENTIFIER = "org.CodeDoesGood.CodeDoesGood-iOSTemplateUITests";
				PRODUCT_NAME = "$(TARGET_NAME)";
				SWIFT_VERSION = 3.0;
				TEST_TARGET_NAME = "CodeDoesGood-iOSTemplate";
			};
			name = Release;
		};
/* End XCBuildConfiguration section */

/* Begin XCConfigurationList section */
		C612A1D81E9F197100A7A4BE /* Build configuration list for PBXProject "CodeDoesGood-iOSTemplate" */ = {
			isa = XCConfigurationList;
			buildConfigurations = (
				C612A2031E9F197100A7A4BE /* Debug */,
				C612A2041E9F197100A7A4BE /* Release */,
			);
			defaultConfigurationIsVisible = 0;
			defaultConfigurationName = Release;
		};
		C612A2051E9F197100A7A4BE /* Build configuration list for PBXNativeTarget "CodeDoesGood-iOSTemplate" */ = {
			isa = XCConfigurationList;
			buildConfigurations = (
				C612A2061E9F197100A7A4BE /* Debug */,
				C612A2071E9F197100A7A4BE /* Release */,
			);
			defaultConfigurationIsVisible = 0;
			defaultConfigurationName = Release;
		};
		C612A2081E9F197100A7A4BE /* Build configuration list for PBXNativeTarget "CodeDoesGood-iOSTemplateTests" */ = {
			isa = XCConfigurationList;
			buildConfigurations = (
				C612A2091E9F197100A7A4BE /* Debug */,
				C612A20A1E9F197100A7A4BE /* Release */,
			);
			defaultConfigurationIsVisible = 0;
			defaultConfigurationName = Release;
		};
		C612A20B1E9F197100A7A4BE /* Build configuration list for PBXNativeTarget "CodeDoesGood-iOSTemplateUITests" */ = {
			isa = XCConfigurationList;
			buildConfigurations = (
				C612A20C1E9F197100A7A4BE /* Debug */,
				C612A20D1E9F197100A7A4BE /* Release */,
			);
			defaultConfigurationIsVisible = 0;
			defaultConfigurationName = Release;
		};
/* End XCConfigurationList section */
	};
	rootObject = C612A1D51E9F197100A7A4BE /* Project object */;
}
